PODS:
  - Alamofire (4.7.0)
  - AlamofireImage (3.4.1):
    - Alamofire (~> 4.7)

DEPENDENCIES:
  - Alamofire (= 4.7)
  - AlamofireImage (~> 3.3)

SPEC REPOS:
  trunk:
    - Alamofire
    - AlamofireImage

SPEC CHECKSUMS:
  Alamofire: 907e0a98eb68cdb7f9d1f541a563d6ac5dc77b25
  AlamofireImage: 78d67ccbb763d87ba44b21583d2153500a195630

PODFILE CHECKSUM: 8c5f698fb2e3ec42b7f75cfab07e02b33701524c

COCOAPODS: 1.9.0
